
Microsoft Visual Studio Solution File, Format Version 12.00
# Visual Studio Version 17
VisualStudioVersion = 17.0.31903.59
MinimumVisualStudioVersion = 10.0.40219.1
Project("{9A19103F-16F7-4668-BE54-9A1E7A4F7556}") = "AspireDemo.Api", "AspireDemo.Api\AspireDemo.Api.csproj", "{1952CD8C-C3D6-485B-BA4B-3E7F9400E19C}"
EndProject
Project("{9A19103F-16F7-4668-BE54-9A1E7A4F7556}") = "AspireDemo.Bff", "AspireDemo.Bff\AspireDemo.Bff.csproj", "{16910CC4-A13B-490A-B8D3-0FBBE93105A9}"
EndProject
Project("{54A90642-561A-4BB1-A94E-469ADEE60C69}") = "AspireDemo.Web", "AspireDemo.Web\AspireDemo.Web.esproj", "{D910A870-EF44-49DA-958C-DAF317398E8D}"
EndProject
Project("{FAE04EC0-301F-11D3-BF4B-00C04F79EFBC}") = "AspireDemo.AppHost", "AspireDemo.AppHost\AspireDemo.AppHost.csproj", "{C6D7C437-9FAD-4CEF-B8FB-CBC0E12EE7B6}"
EndProject
Project("{9A19103F-16F7-4668-BE54-9A1E7A4F7556}") = "AspireDemo.ServiceDefaults", "AspireDemo.ServiceDefaults\AspireDemo.ServiceDefaults.csproj", "{77316F08-9D2F-4003-8424-3AAB097E02D0}"
EndProject
Global
	GlobalSection(SolutionConfigurationPlatforms) = preSolution
		Debug|Any CPU = Debug|Any CPU
		Release|Any CPU = Release|Any CPU
	EndGlobalSection
	GlobalSection(ProjectConfigurationPlatforms) = postSolution
		{1952CD8C-C3D6-485B-BA4B-3E7F9400E19C}.Debug|Any CPU.ActiveCfg = Debug|Any CPU
		{1952CD8C-C3D6-485B-BA4B-3E7F9400E19C}.Debug|Any CPU.Build.0 = Debug|Any CPU
		{1952CD8C-C3D6-485B-BA4B-3E7F9400E19C}.Release|Any CPU.ActiveCfg = Release|Any CPU
		{1952CD8C-C3D6-485B-BA4B-3E7F9400E19C}.Release|Any CPU.Build.0 = Release|Any CPU
		{16910CC4-A13B-490A-B8D3-0FBBE93105A9}.Debug|Any CPU.ActiveCfg = Debug|Any CPU
		{16910CC4-A13B-490A-B8D3-0FBBE93105A9}.Debug|Any CPU.Build.0 = Debug|Any CPU
		{16910CC4-A13B-490A-B8D3-0FBBE93105A9}.Release|Any CPU.ActiveCfg = Release|Any CPU
		{16910CC4-A13B-490A-B8D3-0FBBE93105A9}.Release|Any CPU.Build.0 = Release|Any CPU
		{D910A870-EF44-49DA-958C-DAF317398E8D}.Debug|Any CPU.ActiveCfg = Debug|Any CPU
		{D910A870-EF44-49DA-958C-DAF317398E8D}.Release|Any CPU.ActiveCfg = Release|Any CPU
		{C6D7C437-9FAD-4CEF-B8FB-CBC0E12EE7B6}.Debug|Any CPU.ActiveCfg = Debug|Any CPU
		{C6D7C437-9FAD-4CEF-B8FB-CBC0E12EE7B6}.Debug|Any CPU.Build.0 = Debug|Any CPU
		{C6D7C437-9FAD-4CEF-B8FB-CBC0E12EE7B6}.Release|Any CPU.ActiveCfg = Release|Any CPU
		{C6D7C437-9FAD-4CEF-B8FB-CBC0E12EE7B6}.Release|Any CPU.Build.0 = Release|Any CPU
		{77316F08-9D2F-4003-8424-3AAB097E02D0}.Debug|Any CPU.ActiveCfg = Debug|Any CPU
		{77316F08-9D2F-4003-8424-3AAB097E02D0}.Debug|Any CPU.Build.0 = Debug|Any CPU
		{77316F08-9D2F-4003-8424-3AAB097E02D0}.Release|Any CPU.ActiveCfg = Release|Any CPU
		{77316F08-9D2F-4003-8424-3AAB097E02D0}.Release|Any CPU.Build.0 = Release|Any CPU
	EndGlobalSection
	GlobalSection(SolutionProperties) = preSolution
		HideSolutionNode = FALSE
	EndGlobalSection
	GlobalSection(ExtensibilityGlobals) = postSolution
		SolutionGuid = {5F14678E-6A33-417C-A6C0-34B4F34F6981}
	EndGlobalSection
EndGlobal
