
Microsoft Visual Studio Solution File, Format Version 12.00
# Visual Studio Version 17
VisualStudioVersion = 17.0.31903.59
MinimumVisualStudioVersion = 10.0.40219.1
Project("{FAE04EC0-301F-11D3-BF4B-00C04F79EFBC}") = "AspireDemo.Api", "AspireDemo.Api\AspireDemo.Api.csproj", "{1952CD8C-C3D6-485B-BA4B-3E7F9400E19C}"
EndProject
Project("{FAE04EC0-301F-11D3-BF4B-00C04F79EFBC}") = "AspireDemo.Bff", "AspireDemo.Bff\AspireDemo.Bff.csproj", "{16910CC4-A13B-490A-B8D3-0FBBE93105A9}"
EndProject
Project("{54a90642-561a-4bb1-a94e-469adee60c69}") = "AspireDemo.Web", "AspireDemo.Web\AspireDemo.Web.esproj", "{D910A870-EF44-49DA-958C-DAF317398E8D}"
EndProject
Global
	GlobalSection(SolutionConfigurationPlatforms) = preSolution
		Debug|Any CPU = Debug|Any CPU
		Release|Any CPU = Release|Any CPU
	EndGlobalSection
	GlobalSection(SolutionProperties) = preSolution
		HideSolutionNode = FALSE
	EndGlobalSection
	GlobalSection(ProjectConfigurationPlatforms) = postSolution
		{1952CD8C-C3D6-485B-BA4B-3E7F9400E19C}.Debug|Any CPU.ActiveCfg = Debug|Any CPU
		{1952CD8C-C3D6-485B-BA4B-3E7F9400E19C}.Debug|Any CPU.Build.0 = Debug|Any CPU
		{1952CD8C-C3D6-485B-BA4B-3E7F9400E19C}.Release|Any CPU.ActiveCfg = Release|Any CPU
		{1952CD8C-C3D6-485B-BA4B-3E7F9400E19C}.Release|Any CPU.Build.0 = Release|Any CPU
		{16910CC4-A13B-490A-B8D3-0FBBE93105A9}.Debug|Any CPU.ActiveCfg = Debug|Any CPU
		{16910CC4-A13B-490A-B8D3-0FBBE93105A9}.Debug|Any CPU.Build.0 = Debug|Any CPU
		{16910CC4-A13B-490A-B8D3-0FBBE93105A9}.Release|Any CPU.ActiveCfg = Release|Any CPU
		{16910CC4-A13B-490A-B8D3-0FBBE93105A9}.Release|Any CPU.Build.0 = Release|Any CPU
		{D910A870-EF44-49DA-958C-DAF317398E8D}.Debug|Any CPU.ActiveCfg = Debug|Any CPU
		{D910A870-EF44-49DA-958C-DAF317398E8D}.Debug|Any CPU.Build.0 = Debug|Any CPU
		{D910A870-EF44-49DA-958C-DAF317398E8D}.Release|Any CPU.ActiveCfg = Release|Any CPU
		{D910A870-EF44-49DA-958C-DAF317398E8D}.Release|Any CPU.Build.0 = Release|Any CPU
	EndGlobalSection
EndGlobal
